
Microsoft Visual Studio Solution File, Format Version 12.00
# Visual Studio 15
Project("{FAE04EC0-301F-11D3-BF4B-00C04F79EFBC}") = "spine-unity", "spine-unity.csproj", "{AE495163-5226-83D5-9283-24DEBDEFA99D}"
EndProject
Project("{FAE04EC0-301F-11D3-BF4B-00C04F79EFBC}") = "Assembly-CSharp", "Assembly-CSharp.csproj", "{1FB99EEE-B883-80F6-C02A-7A6D946ED826}"
EndProject
Project("{FAE04EC0-301F-11D3-BF4B-00C04F79EFBC}") = "CFXRRuntime", "CFXRRuntime.csproj", "{04D8942E-9E5F-A8CA-724C-187BA157BEEE}"
EndProject
Project("{FAE04EC0-301F-11D3-BF4B-00C04F79EFBC}") = "CFXRDemo", "CFXRDemo.csproj", "{AD0E4991-802F-4C9F-9069-67BF0D32D4C4}"
EndProject
Project("{FAE04EC0-301F-11D3-BF4B-00C04F79EFBC}") = "spine-unity-editor", "spine-unity-editor.csproj", "{007215B7-A2B9-B071-D18C-74F165DDEB91}"
EndProject
Project("{FAE04EC0-301F-11D3-BF4B-00C04F79EFBC}") = "Assembly-CSharp-Editor", "Assembly-CSharp-Editor.csproj", "{EE39D598-EE07-18CD-CDA0-CAF9D4FEB0C0}"
EndProject
Project("{FAE04EC0-301F-11D3-BF4B-00C04F79EFBC}") = "CFXREditor", "CFXREditor.csproj", "{EF87E9CF-D73C-A76C-8577-E55BB2BA8DF1}"
EndProject
Project("{FAE04EC0-301F-11D3-BF4B-00C04F79EFBC}") = "CFXRDemoEditor", "CFXRDemoEditor.csproj", "{03B2DFAC-B2A2-2D85-0C5A-D7AD7C5BB7A0}"
EndProject
Global
	GlobalSection(SolutionConfigurationPlatforms) = preSolution
		Debug|Any CPU = Debug|Any CPU
		Release|Any CPU = Release|Any CPU
	EndGlobalSection
	GlobalSection(ProjectConfigurationPlatforms) = postSolution
		{AE495163-5226-83D5-9283-24DEBDEFA99D}.Debug|Any CPU.ActiveCfg = Debug|Any CPU
		{AE495163-5226-83D5-9283-24DEBDEFA99D}.Debug|Any CPU.Build.0 = Debug|Any CPU
		{AE495163-5226-83D5-9283-24DEBDEFA99D}.Release|Any CPU.ActiveCfg = Release|Any CPU
		{AE495163-5226-83D5-9283-24DEBDEFA99D}.Release|Any CPU.Build.0 = Release|Any CPU
		{1FB99EEE-B883-80F6-C02A-7A6D946ED826}.Debug|Any CPU.ActiveCfg = Debug|Any CPU
		{1FB99EEE-B883-80F6-C02A-7A6D946ED826}.Debug|Any CPU.Build.0 = Debug|Any CPU
		{1FB99EEE-B883-80F6-C02A-7A6D946ED826}.Release|Any CPU.ActiveCfg = Release|Any CPU
		{1FB99EEE-B883-80F6-C02A-7A6D946ED826}.Release|Any CPU.Build.0 = Release|Any CPU
		{04D8942E-9E5F-A8CA-724C-187BA157BEEE}.Debug|Any CPU.ActiveCfg = Debug|Any CPU
		{04D8942E-9E5F-A8CA-724C-187BA157BEEE}.Debug|Any CPU.Build.0 = Debug|Any CPU
		{04D8942E-9E5F-A8CA-724C-187BA157BEEE}.Release|Any CPU.ActiveCfg = Release|Any CPU
		{04D8942E-9E5F-A8CA-724C-187BA157BEEE}.Release|Any CPU.Build.0 = Release|Any CPU
		{AD0E4991-802F-4C9F-9069-67BF0D32D4C4}.Debug|Any CPU.ActiveCfg = Debug|Any CPU
		{AD0E4991-802F-4C9F-9069-67BF0D32D4C4}.Debug|Any CPU.Build.0 = Debug|Any CPU
		{AD0E4991-802F-4C9F-9069-67BF0D32D4C4}.Release|Any CPU.ActiveCfg = Release|Any CPU
		{AD0E4991-802F-4C9F-9069-67BF0D32D4C4}.Release|Any CPU.Build.0 = Release|Any CPU
		{007215B7-A2B9-B071-D18C-74F165DDEB91}.Debug|Any CPU.ActiveCfg = Debug|Any CPU
		{007215B7-A2B9-B071-D18C-74F165DDEB91}.Debug|Any CPU.Build.0 = Debug|Any CPU
		{007215B7-A2B9-B071-D18C-74F165DDEB91}.Release|Any CPU.ActiveCfg = Release|Any CPU
		{007215B7-A2B9-B071-D18C-74F165DDEB91}.Release|Any CPU.Build.0 = Release|Any CPU
		{EE39D598-EE07-18CD-CDA0-CAF9D4FEB0C0}.Debug|Any CPU.ActiveCfg = Debug|Any CPU
		{EE39D598-EE07-18CD-CDA0-CAF9D4FEB0C0}.Debug|Any CPU.Build.0 = Debug|Any CPU
		{EE39D598-EE07-18CD-CDA0-CAF9D4FEB0C0}.Release|Any CPU.ActiveCfg = Release|Any CPU
		{EE39D598-EE07-18CD-CDA0-CAF9D4FEB0C0}.Release|Any CPU.Build.0 = Release|Any CPU
		{EF87E9CF-D73C-A76C-8577-E55BB2BA8DF1}.Debug|Any CPU.ActiveCfg = Debug|Any CPU
		{EF87E9CF-D73C-A76C-8577-E55BB2BA8DF1}.Debug|Any CPU.Build.0 = Debug|Any CPU
		{EF87E9CF-D73C-A76C-8577-E55BB2BA8DF1}.Release|Any CPU.ActiveCfg = Release|Any CPU
		{EF87E9CF-D73C-A76C-8577-E55BB2BA8DF1}.Release|Any CPU.Build.0 = Release|Any CPU
		{03B2DFAC-B2A2-2D85-0C5A-D7AD7C5BB7A0}.Debug|Any CPU.ActiveCfg = Debug|Any CPU
		{03B2DFAC-B2A2-2D85-0C5A-D7AD7C5BB7A0}.Debug|Any CPU.Build.0 = Debug|Any CPU
		{03B2DFAC-B2A2-2D85-0C5A-D7AD7C5BB7A0}.Release|Any CPU.ActiveCfg = Release|Any CPU
		{03B2DFAC-B2A2-2D85-0C5A-D7AD7C5BB7A0}.Release|Any CPU.Build.0 = Release|Any CPU
	EndGlobalSection
	GlobalSection(SolutionProperties) = preSolution
		HideSolutionNode = FALSE
	EndGlobalSection
EndGlobal
